# This file is generated by running "yarn install" inside your project.
# Manual changes might be lost - proceed with caution!

__metadata:
  version: 6
  cacheKey: 8

"@esbuild/android-arm64@npm:0.19.0":
  version: 0.19.0
  resolution: "@esbuild/android-arm64@npm:0.19.0"
  conditions: os=android & cpu=arm64
  languageName: node
  linkType: hard

"@esbuild/android-arm@npm:0.19.0":
  version: 0.19.0
  resolution: "@esbuild/android-arm@npm:0.19.0"
  conditions: os=android & cpu=arm
  languageName: node
  linkType: hard

"@esbuild/android-x64@npm:0.19.0":
  version: 0.19.0
  resolution: "@esbuild/android-x64@npm:0.19.0"
  conditions: os=android & cpu=x64
  languageName: node
  linkType: hard

"@esbuild/darwin-arm64@npm:0.19.0":
  version: 0.19.0
  resolution: "@esbuild/darwin-arm64@npm:0.19.0"
  conditions: os=darwin & cpu=arm64
  languageName: node
  linkType: hard

"@esbuild/darwin-x64@npm:0.19.0":
  version: 0.19.0
  resolution: "@esbuild/darwin-x64@npm:0.19.0"
  conditions: os=darwin & cpu=x64
  languageName: node
  linkType: hard

"@esbuild/freebsd-arm64@npm:0.19.0":
  version: 0.19.0
  resolution: "@esbuild/freebsd-arm64@npm:0.19.0"
  conditions: os=freebsd & cpu=arm64
  languageName: node
  linkType: hard

"@esbuild/freebsd-x64@npm:0.19.0":
  version: 0.19.0
  resolution: "@esbuild/freebsd-x64@npm:0.19.0"
  conditions: os=freebsd & cpu=x64
  languageName: node
  linkType: hard

"@esbuild/linux-arm64@npm:0.19.0":
  version: 0.19.0
  resolution: "@esbuild/linux-arm64@npm:0.19.0"
  conditions: os=linux & cpu=arm64
  languageName: node
  linkType: hard

"@esbuild/linux-arm@npm:0.19.0":
  version: 0.19.0
  resolution: "@esbuild/linux-arm@npm:0.19.0"
  conditions: os=linux & cpu=arm
  languageName: node
  linkType: hard

"@esbuild/linux-ia32@npm:0.19.0":
  version: 0.19.0
  resolution: "@esbuild/linux-ia32@npm:0.19.0"
  conditions: os=linux & cpu=ia32
  languageName: node
  linkType: hard

"@esbuild/linux-loong64@npm:0.19.0":
  version: 0.19.0
  resolution: "@esbuild/linux-loong64@npm:0.19.0"
  conditions: os=linux & cpu=loong64
  languageName: node
  linkType: hard

"@esbuild/linux-mips64el@npm:0.19.0":
  version: 0.19.0
  resolution: "@esbuild/linux-mips64el@npm:0.19.0"
  conditions: os=linux & cpu=mips64el
  languageName: node
  linkType: hard

"@esbuild/linux-ppc64@npm:0.19.0":
  version: 0.19.0
  resolution: "@esbuild/linux-ppc64@npm:0.19.0"
  conditions: os=linux & cpu=ppc64
  languageName: node
  linkType: hard

"@esbuild/linux-riscv64@npm:0.19.0":
  version: 0.19.0
  resolution: "@esbuild/linux-riscv64@npm:0.19.0"
  conditions: os=linux & cpu=riscv64
  languageName: node
  linkType: hard

"@esbuild/linux-s390x@npm:0.19.0":
  version: 0.19.0
  resolution: "@esbuild/linux-s390x@npm:0.19.0"
  conditions: os=linux & cpu=s390x
  languageName: node
  linkType: hard

"@esbuild/linux-x64@npm:0.19.0":
  version: 0.19.0
  resolution: "@esbuild/linux-x64@npm:0.19.0"
  conditions: os=linux & cpu=x64
  languageName: node
  linkType: hard

"@esbuild/netbsd-x64@npm:0.19.0":
  version: 0.19.0
  resolution: "@esbuild/netbsd-x64@npm:0.19.0"
  conditions: os=netbsd & cpu=x64
  languageName: node
  linkType: hard

"@esbuild/openbsd-x64@npm:0.19.0":
  version: 0.19.0
  resolution: "@esbuild/openbsd-x64@npm:0.19.0"
  conditions: os=openbsd & cpu=x64
  languageName: node
  linkType: hard

"@esbuild/sunos-x64@npm:0.19.0":
  version: 0.19.0
  resolution: "@esbuild/sunos-x64@npm:0.19.0"
  conditions: os=sunos & cpu=x64
  languageName: node
  linkType: hard

"@esbuild/win32-arm64@npm:0.19.0":
  version: 0.19.0
  resolution: "@esbuild/win32-arm64@npm:0.19.0"
  conditions: os=win32 & cpu=arm64
  languageName: node
  linkType: hard

"@esbuild/win32-ia32@npm:0.19.0":
  version: 0.19.0
  resolution: "@esbuild/win32-ia32@npm:0.19.0"
  conditions: os=win32 & cpu=ia32
  languageName: node
  linkType: hard

"@esbuild/win32-x64@npm:0.19.0":
  version: 0.19.0
  resolution: "@esbuild/win32-x64@npm:0.19.0"
  conditions: os=win32 & cpu=x64
  languageName: node
  linkType: hard

"@jridgewell/gen-mapping@npm:^0.3.0":
  version: 0.3.2
  resolution: "@jridgewell/gen-mapping@npm:0.3.2"
  dependencies:
    "@jridgewell/set-array": ^1.0.1
    "@jridgewell/sourcemap-codec": ^1.4.10
    "@jridgewell/trace-mapping": ^0.3.9
  checksum: 1832707a1c476afebe4d0fbbd4b9434fdb51a4c3e009ab1e9938648e21b7a97049fa6009393bdf05cab7504108413441df26d8a3c12193996e65493a4efb6882
  languageName: node
  linkType: hard

"@jridgewell/resolve-uri@npm:3.1.0":
  version: 3.1.0
  resolution: "@jridgewell/resolve-uri@npm:3.1.0"
  checksum: b5ceaaf9a110fcb2780d1d8f8d4a0bfd216702f31c988d8042e5f8fbe353c55d9b0f55a1733afdc64806f8e79c485d2464680ac48a0d9fcadb9548ee6b81d267
  languageName: node
  linkType: hard

"@jridgewell/set-array@npm:^1.0.1":
  version: 1.1.2
  resolution: "@jridgewell/set-array@npm:1.1.2"
  checksum: 69a84d5980385f396ff60a175f7177af0b8da4ddb81824cb7016a9ef914eee9806c72b6b65942003c63f7983d4f39a5c6c27185bbca88eb4690b62075602e28e
  languageName: node
  linkType: hard

"@jridgewell/source-map@npm:^0.3.2":
  version: 0.3.2
  resolution: "@jridgewell/source-map@npm:0.3.2"
  dependencies:
    "@jridgewell/gen-mapping": ^0.3.0
    "@jridgewell/trace-mapping": ^0.3.9
  checksum: 1b83f0eb944e77b70559a394d5d3b3f98a81fcc186946aceb3ef42d036762b52ef71493c6c0a3b7c1d2f08785f53ba2df1277fe629a06e6109588ff4cdcf7482
  languageName: node
  linkType: hard

"@jridgewell/source-map@npm:^0.3.3":
  version: 0.3.4
  resolution: "@jridgewell/source-map@npm:0.3.4"
  checksum: 87fae5d8a81bbe5d691f2a415588ee020ec3b858674f675c206f0f7060d820c49dcc755ffd27cc8467e4f50576d7b5b7fc86d34d5e53a879ce7440deef732948
  languageName: node
  linkType: hard

"@jridgewell/sourcemap-codec@npm:1.4.14, @jridgewell/sourcemap-codec@npm:^1.4.10":
  version: 1.4.14
  resolution: "@jridgewell/sourcemap-codec@npm:1.4.14"
  checksum: 61100637b6d173d3ba786a5dff019e1a74b1f394f323c1fee337ff390239f053b87266c7a948777f4b1ee68c01a8ad0ab61e5ff4abb5a012a0b091bec391ab97
  languageName: node
  linkType: hard

"@jridgewell/trace-mapping@npm:^0.3.9":
  version: 0.3.17
  resolution: "@jridgewell/trace-mapping@npm:0.3.17"
  dependencies:
    "@jridgewell/resolve-uri": 3.1.0
    "@jridgewell/sourcemap-codec": 1.4.14
  checksum: 9d703b859cff5cd83b7308fd457a431387db5db96bd781a63bf48e183418dd9d3d44e76b9e4ae13237f6abeeb25d739ec9215c1d5bfdd08f66f750a50074a339
  languageName: node
  linkType: hard

"accepts@npm:~1.3.8":
  version: 1.3.8
  resolution: "accepts@npm:1.3.8"
  dependencies:
    mime-types: ~2.1.34
    negotiator: 0.6.3
  checksum: 50c43d32e7b50285ebe84b613ee4a3aa426715a7d131b65b786e2ead0fd76b6b60091b9916d3478a75f11f162628a2139991b6c03ab3f1d9ab7c86075dc8eab4
  languageName: node
  linkType: hard

"acorn@npm:^8.5.0":
  version: 8.8.1
  resolution: "acorn@npm:8.8.1"
  bin:
    acorn: bin/acorn
  checksum: 4079b67283b94935157698831967642f24a075c52ce3feaaaafe095776dfbe15d86a1b33b1e53860fc0d062ed6c83f4284a5c87c85b9ad51853a01173da6097f
  languageName: node
  linkType: hard

"acorn@npm:^8.8.2":
  version: 8.9.0
  resolution: "acorn@npm:8.9.0"
  bin:
    acorn: bin/acorn
  checksum: 25dfb94952386ecfb847e61934de04a4e7c2dc21c2e700fc4e2ef27ce78cb717700c4c4f279cd630bb4774948633c3859fc16063ec8573bda4568e0a312e6744
  languageName: node
  linkType: hard

"ansi-styles@npm:^4.1.0":
  version: 4.3.0
  resolution: "ansi-styles@npm:4.3.0"
  dependencies:
    color-convert: ^2.0.1
  checksum: 513b44c3b2105dd14cc42a19271e80f386466c4be574bccf60b627432f9198571ebf4ab1e4c3ba17347658f4ee1711c163d574248c0c1cdc2d5917a0ad582ec4
  languageName: node
  linkType: hard

"array-flatten@npm:1.1.1":
  version: 1.1.1
  resolution: "array-flatten@npm:1.1.1"
  checksum: a9925bf3512d9dce202112965de90c222cd59a4fbfce68a0951d25d965cf44642931f40aac72309c41f12df19afa010ecadceb07cfff9ccc1621e99d89ab5f3b
  languageName: node
  linkType: hard

"body-parser@npm:1.20.1":
  version: 1.20.1
  resolution: "body-parser@npm:1.20.1"
  dependencies:
    bytes: 3.1.2
    content-type: ~1.0.4
    debug: 2.6.9
    depd: 2.0.0
    destroy: 1.2.0
    http-errors: 2.0.0
    iconv-lite: 0.4.24
    on-finished: 2.4.1
    qs: 6.11.0
    raw-body: 2.5.1
    type-is: ~1.6.18
    unpipe: 1.0.0
  checksum: f1050dbac3bede6a78f0b87947a8d548ce43f91ccc718a50dd774f3c81f2d8b04693e52acf62659fad23101827dd318da1fb1363444ff9a8482b886a3e4a5266
  languageName: node
  linkType: hard

"buffer-from@npm:^1.0.0":
  version: 1.1.2
  resolution: "buffer-from@npm:1.1.2"
  checksum: 0448524a562b37d4d7ed9efd91685a5b77a50672c556ea254ac9a6d30e3403a517d8981f10e565db24e8339413b43c97ca2951f10e399c6125a0d8911f5679bb
  languageName: node
  linkType: hard

"bytes@npm:3.1.2":
  version: 3.1.2
  resolution: "bytes@npm:3.1.2"
  checksum: e4bcd3948d289c5127591fbedf10c0b639ccbf00243504e4e127374a15c3bc8eed0d28d4aaab08ff6f1cf2abc0cce6ba3085ed32f4f90e82a5683ce0014e1b6e
  languageName: node
  linkType: hard

"call-bind@npm:^1.0.0":
  version: 1.0.2
  resolution: "call-bind@npm:1.0.2"
  dependencies:
    function-bind: ^1.1.1
    get-intrinsic: ^1.0.2
  checksum: f8e31de9d19988a4b80f3e704788c4a2d6b6f3d17cfec4f57dc29ced450c53a49270dc66bf0fbd693329ee948dd33e6c90a329519aef17474a4d961e8d6426b0
  languageName: node
  linkType: hard

"camel-case@npm:^4.1.2":
  version: 4.1.2
  resolution: "camel-case@npm:4.1.2"
  dependencies:
    pascal-case: ^3.1.2
    tslib: ^2.0.3
  checksum: bcbd25cd253b3cbc69be3f535750137dbf2beb70f093bdc575f73f800acc8443d34fd52ab8f0a2413c34f1e8203139ffc88428d8863e4dfe530cfb257a379ad6
  languageName: node
  linkType: hard

"chalk@npm:^4.1.2":
  version: 4.1.2
  resolution: "chalk@npm:4.1.2"
  dependencies:
    ansi-styles: ^4.1.0
    supports-color: ^7.1.0
  checksum: fe75c9d5c76a7a98d45495b91b2172fa3b7a09e0cc9370e5c8feb1c567b85c4288e2b3fded7cfdd7359ac28d6b3844feb8b82b8686842e93d23c827c417e83fc
  languageName: node
  linkType: hard

"clean-css@npm:~5.3.2":
  version: 5.3.2
  resolution: "clean-css@npm:5.3.2"
  dependencies:
    source-map: ~0.6.0
  checksum: 8787b281acc9878f309b5f835d410085deedfd4e126472666773040a6a8a72f472a1d24185947d23b87b1c419bf2c5ed429395d5c5ff8279c98b05d8011e9758
  languageName: node
  linkType: hard

"color-convert@npm:^2.0.1":
  version: 2.0.1
  resolution: "color-convert@npm:2.0.1"
  dependencies:
    color-name: ~1.1.4
  checksum: 79e6bdb9fd479a205c71d89574fccfb22bd9053bd98c6c4d870d65c132e5e904e6034978e55b43d69fcaa7433af2016ee203ce76eeba9cfa554b373e7f7db336
  languageName: node
  linkType: hard

"color-name@npm:~1.1.4":
  version: 1.1.4
  resolution: "color-name@npm:1.1.4"
  checksum: b0445859521eb4021cd0fb0cc1a75cecf67fceecae89b63f62b201cca8d345baf8b952c966862a9d9a2632987d4f6581f0ec8d957dfacece86f0a7919316f610
  languageName: node
  linkType: hard

"commander@npm:^10.0.0":
  version: 10.0.1
  resolution: "commander@npm:10.0.1"
  checksum: 436901d64a818295803c1996cd856621a74f30b9f9e28a588e726b2b1670665bccd7c1a77007ebf328729f0139838a88a19265858a0fa7a8728c4656796db948
  languageName: node
  linkType: hard

"commander@npm:^2.20.0":
  version: 2.20.3
  resolution: "commander@npm:2.20.3"
  checksum: ab8c07884e42c3a8dbc5dd9592c606176c7eb5c1ca5ff274bcf907039b2c41de3626f684ea75ccf4d361ba004bbaff1f577d5384c155f3871e456bdf27becf9e
  languageName: node
  linkType: hard

"content-disposition@npm:0.5.4":
  version: 0.5.4
  resolution: "content-disposition@npm:0.5.4"
  dependencies:
    safe-buffer: 5.2.1
  checksum: afb9d545e296a5171d7574fcad634b2fdf698875f4006a9dd04a3e1333880c5c0c98d47b560d01216fb6505a54a2ba6a843ee3a02ec86d7e911e8315255f56c3
  languageName: node
  linkType: hard

"content-type@npm:~1.0.4":
  version: 1.0.4
  resolution: "content-type@npm:1.0.4"
  checksum: 3d93585fda985d1554eca5ebd251994327608d2e200978fdbfba21c0c679914d5faf266d17027de44b34a72c7b0745b18584ecccaa7e1fdfb6a68ac7114f12e0
  languageName: node
  linkType: hard

"cookie-signature@npm:1.0.6":
  version: 1.0.6
  resolution: "cookie-signature@npm:1.0.6"
  checksum: f4e1b0a98a27a0e6e66fd7ea4e4e9d8e038f624058371bf4499cfcd8f3980be9a121486995202ba3fca74fbed93a407d6d54d43a43f96fd28d0bd7a06761591a
  languageName: node
  linkType: hard

"cookie@npm:0.5.0":
  version: 0.5.0
  resolution: "cookie@npm:0.5.0"
  checksum: 1f4bd2ca5765f8c9689a7e8954183f5332139eb72b6ff783d8947032ec1fdf43109852c178e21a953a30c0dd42257828185be01b49d1eb1a67fd054ca588a180
  languageName: node
  linkType: hard

"core-util-is@npm:~1.0.0":
  version: 1.0.3
  resolution: "core-util-is@npm:1.0.3"
  checksum: 9de8597363a8e9b9952491ebe18167e3b36e7707569eed0ebf14f8bba773611376466ae34575bca8cfe3c767890c859c74056084738f09d4e4a6f902b2ad7d99
  languageName: node
  linkType: hard

"cross-env@npm:^7.0.3":
  version: 7.0.3
  resolution: "cross-env@npm:7.0.3"
  dependencies:
    cross-spawn: ^7.0.1
  bin:
    cross-env: src/bin/cross-env.js
    cross-env-shell: src/bin/cross-env-shell.js
  checksum: 26f2f3ea2ab32617f57effb70d329c2070d2f5630adc800985d8b30b56e8bf7f5f439dd3a0358b79cee6f930afc23cf8e23515f17ccfb30092c6b62c6b630a79
  languageName: node
  linkType: hard

"cross-spawn@npm:^7.0.1":
  version: 7.0.3
  resolution: "cross-spawn@npm:7.0.3"
  dependencies:
    path-key: ^3.1.0
    shebang-command: ^2.0.0
    which: ^2.0.1
  checksum: 671cc7c7288c3a8406f3c69a3ae2fc85555c04169e9d611def9a675635472614f1c0ed0ef80955d5b6d4e724f6ced67f0ad1bb006c2ea643488fcfef994d7f52
  languageName: node
  linkType: hard

"cssauron@npm:^1.1.0":
  version: 1.4.0
  resolution: "cssauron@npm:1.4.0"
  dependencies:
    through: X.X.X
  checksum: bfb9cbf763f6fc560f807f2b9c4b91f5b338c066572f539cbd16decaa813c837ef40951526c3a07a1ba097fa89dfe3e43c4e8e80c1f26573d687b9d7be854279
  languageName: node
  linkType: hard

"debug@npm:2.6.9":
  version: 2.6.9
  resolution: "debug@npm:2.6.9"
  dependencies:
    ms: 2.0.0
  checksum: d2f51589ca66df60bf36e1fa6e4386b318c3f1e06772280eea5b1ae9fd3d05e9c2b7fd8a7d862457d00853c75b00451aa2d7459b924629ee385287a650f58fe6
  languageName: node
  linkType: hard

"depd@npm:2.0.0":
  version: 2.0.0
  resolution: "depd@npm:2.0.0"
  checksum: abbe19c768c97ee2eed6282d8ce3031126662252c58d711f646921c9623f9052e3e1906443066beec1095832f534e57c523b7333f8e7e0d93051ab6baef5ab3a
  languageName: node
  linkType: hard

"destroy@npm:1.2.0":
  version: 1.2.0
  resolution: "destroy@npm:1.2.0"
  checksum: 0acb300b7478a08b92d810ab229d5afe0d2f4399272045ab22affa0d99dbaf12637659411530a6fcd597a9bdac718fc94373a61a95b4651bbc7b83684a565e38
  languageName: node
  linkType: hard

"dot-case@npm:^3.0.4":
  version: 3.0.4
  resolution: "dot-case@npm:3.0.4"
  dependencies:
    no-case: ^3.0.4
    tslib: ^2.0.3
  checksum: a65e3519414856df0228b9f645332f974f2bf5433370f544a681122eab59e66038fc3349b4be1cdc47152779dac71a5864f1ccda2f745e767c46e9c6543b1169
  languageName: node
  linkType: hard

"duplexer2@npm:~0.0.2":
  version: 0.0.2
  resolution: "duplexer2@npm:0.0.2"
  dependencies:
    readable-stream: ~1.1.9
  checksum: ad525ad520bf3e0b69ead8c447446bbc277073d3b602c82d66e636bc84d97e190fd6d7caea3395bd28fcc1e7d7b3a5f6fe5e73bb181268d6118886cb38372669
  languageName: node
  linkType: hard

"ee-first@npm:1.1.1":
  version: 1.1.1
  resolution: "ee-first@npm:1.1.1"
  checksum: 1b4cac778d64ce3b582a7e26b218afe07e207a0f9bfe13cc7395a6d307849cfe361e65033c3251e00c27dd060cab43014c2d6b2647676135e18b77d2d05b3f4f
  languageName: node
  linkType: hard

"encodeurl@npm:~1.0.2":
  version: 1.0.2
  resolution: "encodeurl@npm:1.0.2"
  checksum: e50e3d508cdd9c4565ba72d2012e65038e5d71bdc9198cb125beb6237b5b1ade6c0d343998da9e170fb2eae52c1bed37d4d6d98a46ea423a0cddbed5ac3f780c
  languageName: node
  linkType: hard

"entities@npm:^4.4.0":
  version: 4.5.0
  resolution: "entities@npm:4.5.0"
  checksum: 853f8ebd5b425d350bffa97dd6958143179a5938352ccae092c62d1267c4e392a039be1bae7d51b6e4ffad25f51f9617531fedf5237f15df302ccfb452cbf2d7
  languageName: node
  linkType: hard

"esbuild-plugin-spglsl@npm:^0.0.3":
  version: 0.0.3
  resolution: "esbuild-plugin-spglsl@npm:0.0.3"
  peerDependencies:
    spglsl: ">=0.2.6"
  checksum: 48c0d7612a907df7bf64f178059ae3f964ce59a84fed86da550bb1bcc3ac9257e5d8cf35c36cfa1e0c4c8dddcffaae63ae229ca3472966b3ce19da17e63b919d
  languageName: node
  linkType: hard

"esbuild@npm:^0.19.0":
  version: 0.19.0
  resolution: "esbuild@npm:0.19.0"
  dependencies:
    "@esbuild/android-arm": 0.19.0
    "@esbuild/android-arm64": 0.19.0
    "@esbuild/android-x64": 0.19.0
    "@esbuild/darwin-arm64": 0.19.0
    "@esbuild/darwin-x64": 0.19.0
    "@esbuild/freebsd-arm64": 0.19.0
    "@esbuild/freebsd-x64": 0.19.0
    "@esbuild/linux-arm": 0.19.0
    "@esbuild/linux-arm64": 0.19.0
    "@esbuild/linux-ia32": 0.19.0
    "@esbuild/linux-loong64": 0.19.0
    "@esbuild/linux-mips64el": 0.19.0
    "@esbuild/linux-ppc64": 0.19.0
    "@esbuild/linux-riscv64": 0.19.0
    "@esbuild/linux-s390x": 0.19.0
    "@esbuild/linux-x64": 0.19.0
    "@esbuild/netbsd-x64": 0.19.0
    "@esbuild/openbsd-x64": 0.19.0
    "@esbuild/sunos-x64": 0.19.0
    "@esbuild/win32-arm64": 0.19.0
    "@esbuild/win32-ia32": 0.19.0
    "@esbuild/win32-x64": 0.19.0
  dependenciesMeta:
    "@esbuild/android-arm":
      optional: true
    "@esbuild/android-arm64":
      optional: true
    "@esbuild/android-x64":
      optional: true
    "@esbuild/darwin-arm64":
      optional: true
    "@esbuild/darwin-x64":
      optional: true
    "@esbuild/freebsd-arm64":
      optional: true
    "@esbuild/freebsd-x64":
      optional: true
    "@esbuild/linux-arm":
      optional: true
    "@esbuild/linux-arm64":
      optional: true
    "@esbuild/linux-ia32":
      optional: true
    "@esbuild/linux-loong64":
      optional: true
    "@esbuild/linux-mips64el":
      optional: true
    "@esbuild/linux-ppc64":
      optional: true
    "@esbuild/linux-riscv64":
      optional: true
    "@esbuild/linux-s390x":
      optional: true
    "@esbuild/linux-x64":
      optional: true
    "@esbuild/netbsd-x64":
      optional: true
    "@esbuild/openbsd-x64":
      optional: true
    "@esbuild/sunos-x64":
      optional: true
    "@esbuild/win32-arm64":
      optional: true
    "@esbuild/win32-ia32":
      optional: true
    "@esbuild/win32-x64":
      optional: true
  bin:
    esbuild: bin/esbuild
  checksum: 77ef2e57a94d1b88657fb6cd79c3ad6e3161823fd1b615f2ce4b71f163755b85e98cb5b565ed6c38db1f788c52c092b5534caa6800178de99a25de0671f92186
  languageName: node
  linkType: hard

"escape-html@npm:~1.0.3":
  version: 1.0.3
  resolution: "escape-html@npm:1.0.3"
  checksum: 6213ca9ae00d0ab8bccb6d8d4e0a98e76237b2410302cf7df70aaa6591d509a2a37ce8998008cbecae8fc8ffaadf3fb0229535e6a145f3ce0b211d060decbb24
  languageName: node
  linkType: hard

"esm@npm:^3.2.25":
  version: 3.2.25
  resolution: "esm@npm:3.2.25"
  checksum: 978aabe2de83541c105605a6d60a26ed8e627ef6bb0a7605fe15a95bbdea6b8348bd045255cb22219c054dd09a81a94823df00843d9e97f42419c92015ce3a64
  languageName: node
  linkType: hard

"etag@npm:~1.8.1":
  version: 1.8.1
  resolution: "etag@npm:1.8.1"
  checksum: 571aeb3dbe0f2bbd4e4fadbdb44f325fc75335cd5f6f6b6a091e6a06a9f25ed5392f0863c5442acb0646787446e816f13cbfc6edce5b07658541dff573cab1ff
  languageName: node
  linkType: hard

"express@npm:^4.17.1":
  version: 4.18.2
  resolution: "express@npm:4.18.2"
  dependencies:
    accepts: ~1.3.8
    array-flatten: 1.1.1
    body-parser: 1.20.1
    content-disposition: 0.5.4
    content-type: ~1.0.4
    cookie: 0.5.0
    cookie-signature: 1.0.6
    debug: 2.6.9
    depd: 2.0.0
    encodeurl: ~1.0.2
    escape-html: ~1.0.3
    etag: ~1.8.1
    finalhandler: 1.2.0
    fresh: 0.5.2
    http-errors: 2.0.0
    merge-descriptors: 1.0.1
    methods: ~1.1.2
    on-finished: 2.4.1
    parseurl: ~1.3.3
    path-to-regexp: 0.1.7
    proxy-addr: ~2.0.7
    qs: 6.11.0
    range-parser: ~1.2.1
    safe-buffer: 5.2.1
    send: 0.18.0
    serve-static: 1.15.0
    setprototypeof: 1.2.0
    statuses: 2.0.1
    type-is: ~1.6.18
    utils-merge: 1.0.1
    vary: ~1.1.2
  checksum: 3c4b9b076879442f6b968fe53d85d9f1eeacbb4f4c41e5f16cc36d77ce39a2b0d81b3f250514982110d815b2f7173f5561367f9110fcc541f9371948e8c8b037
  languageName: node
  linkType: hard

"finalhandler@npm:1.2.0":
  version: 1.2.0
  resolution: "finalhandler@npm:1.2.0"
  dependencies:
    debug: 2.6.9
    encodeurl: ~1.0.2
    escape-html: ~1.0.3
    on-finished: 2.4.1
    parseurl: ~1.3.3
    statuses: 2.0.1
    unpipe: ~1.0.0
  checksum: 92effbfd32e22a7dff2994acedbd9bcc3aa646a3e919ea6a53238090e87097f8ef07cced90aa2cc421abdf993aefbdd5b00104d55c7c5479a8d00ed105b45716
  languageName: node
  linkType: hard

"forwarded@npm:0.2.0":
  version: 0.2.0
  resolution: "forwarded@npm:0.2.0"
  checksum: fd27e2394d8887ebd16a66ffc889dc983fbbd797d5d3f01087c020283c0f019a7d05ee85669383d8e0d216b116d720fc0cef2f6e9b7eb9f4c90c6e0bc7fd28e6
  languageName: node
  linkType: hard

"fresh@npm:0.5.2":
  version: 0.5.2
  resolution: "fresh@npm:0.5.2"
  checksum: 13ea8b08f91e669a64e3ba3a20eb79d7ca5379a81f1ff7f4310d54e2320645503cc0c78daedc93dfb6191287295f6479544a649c64d8e41a1c0fb0c221552346
  languageName: node
  linkType: hard

"function-bind@npm:^1.1.1":
  version: 1.1.1
  resolution: "function-bind@npm:1.1.1"
  checksum: b32fbaebb3f8ec4969f033073b43f5c8befbb58f1a79e12f1d7490358150359ebd92f49e72ff0144f65f2c48ea2a605bff2d07965f548f6474fd8efd95bf361a
  languageName: node
  linkType: hard

"get-intrinsic@npm:^1.0.2":
  version: 1.1.3
  resolution: "get-intrinsic@npm:1.1.3"
  dependencies:
    function-bind: ^1.1.1
    has: ^1.0.3
    has-symbols: ^1.0.3
  checksum: 152d79e87251d536cf880ba75cfc3d6c6c50e12b3a64e1ea960e73a3752b47c69f46034456eae1b0894359ce3bc64c55c186f2811f8a788b75b638b06fab228a
  languageName: node
  linkType: hard

"has-flag@npm:^4.0.0":
  version: 4.0.0
  resolution: "has-flag@npm:4.0.0"
  checksum: 261a1357037ead75e338156b1f9452c016a37dcd3283a972a30d9e4a87441ba372c8b81f818cd0fbcd9c0354b4ae7e18b9e1afa1971164aef6d18c2b6095a8ad
  languageName: node
  linkType: hard

"has-symbols@npm:^1.0.3":
  version: 1.0.3
  resolution: "has-symbols@npm:1.0.3"
  checksum: a054c40c631c0d5741a8285010a0777ea0c068f99ed43e5d6eb12972da223f8af553a455132fdb0801bdcfa0e0f443c0c03a68d8555aa529b3144b446c3f2410
  languageName: node
  linkType: hard

"has@npm:^1.0.3":
  version: 1.0.3
  resolution: "has@npm:1.0.3"
  dependencies:
    function-bind: ^1.1.1
  checksum: b9ad53d53be4af90ce5d1c38331e712522417d017d5ef1ebd0507e07c2fbad8686fffb8e12ddecd4c39ca9b9b47431afbb975b8abf7f3c3b82c98e9aad052792
  languageName: node
  linkType: hard

"html-inline@npm:^1.2.0":
  version: 1.2.0
  resolution: "html-inline@npm:1.2.0"
  dependencies:
    minimist: ~1.1.0
    through2: ~0.6.3
    trumpet: ~1.7.0
  bin:
    html-inline: bin/cmd.js
  checksum: 58d263d176927aa72f11883131d570438e90ba621286365a4ad064beea858931e5faead2a8e0e69a75694a87d74493881c0f6654d581ca571558679ab8f6df19
  languageName: node
  linkType: hard

"html-minifier-terser@npm:^7.2.0":
  version: 7.2.0
  resolution: "html-minifier-terser@npm:7.2.0"
  dependencies:
    camel-case: ^4.1.2
    clean-css: ~5.3.2
    commander: ^10.0.0
    entities: ^4.4.0
    param-case: ^3.0.4
    relateurl: ^0.2.7
    terser: ^5.15.1
  bin:
    html-minifier-terser: cli.js
  checksum: 39feed354b5a8aafc8e910977d68cfd961d6db330a8e1a5b16a528c86b8ee7745d8945134822cf00acf7bf0d0135bf1abad650bf308bee4ea73adb003f5b8656
  languageName: node
  linkType: hard

"html-select@npm:^2.3.5":
  version: 2.3.24
  resolution: "html-select@npm:2.3.24"
  dependencies:
    cssauron: ^1.1.0
    duplexer2: ~0.0.2
    inherits: ^2.0.1
    minimist: ~0.0.8
    readable-stream: ^1.0.27-1
    split: ~0.3.0
    stream-splicer: ^1.2.0
    through2: ^1.0.0
  bin:
    html-select: bin/cmd.js
  checksum: fc35db07f4d547e8353f105126de287b60f458241b628375affe993f89bc9315f743366ced0f95d5830e9a4681347c2855126f1230311768f738f296456148f1
  languageName: node
  linkType: hard

"html-tokenize@npm:^1.1.1":
  version: 1.2.5
  resolution: "html-tokenize@npm:1.2.5"
  dependencies:
    inherits: ~2.0.1
    minimist: ~0.0.8
    readable-stream: ~1.0.27-1
    through2: ~0.4.1
  bin:
    html-tokenize: bin/cmd.js
  checksum: db453f73f12d75c3fd95e9a5d69615ffef450d40815ab45f36d888a6244ecaf7cd8c3e2527771ee9daa91d63fc6b0f1ea8cd0e5df4aa8d98add6a2ac25843aec
  languageName: node
  linkType: hard

"http-errors@npm:2.0.0":
  version: 2.0.0
  resolution: "http-errors@npm:2.0.0"
  dependencies:
    depd: 2.0.0
    inherits: 2.0.4
    setprototypeof: 1.2.0
    statuses: 2.0.1
    toidentifier: 1.0.1
  checksum: 9b0a3782665c52ce9dc658a0d1560bcb0214ba5699e4ea15aefb2a496e2ca83db03ebc42e1cce4ac1f413e4e0d2d736a3fd755772c556a9a06853ba2a0b7d920
  languageName: node
  linkType: hard

"iconv-lite@npm:0.4.24":
  version: 0.4.24
  resolution: "iconv-lite@npm:0.4.24"
  dependencies:
    safer-buffer: ">= 2.1.2 < 3"
  checksum: bd9f120f5a5b306f0bc0b9ae1edeb1577161503f5f8252a20f1a9e56ef8775c9959fd01c55f2d3a39d9a8abaf3e30c1abeb1895f367dcbbe0a8fd1c9ca01c4f6
  languageName: node
  linkType: hard

"indexof@npm:0.0.1":
  version: 0.0.1
  resolution: "indexof@npm:0.0.1"
  checksum: 0fb04e8b147b8585d981a6df1564f25bb3678d6fa74e33e5cecc1464b10f78e15e8ef6bb688f135fe5c2844a128fac8a7831cbe5adc81fdcf12681b093dfcc25
  languageName: node
  linkType: hard

"inherits@npm:2.0.3":
  version: 2.0.3
  resolution: "inherits@npm:2.0.3"
  checksum: 78cb8d7d850d20a5e9a7f3620db31483aa00ad5f722ce03a55b110e5a723539b3716a3b463e2b96ce3fe286f33afc7c131fa2f91407528ba80cea98a7545d4c0
  languageName: node
  linkType: hard

"inherits@npm:2.0.4, inherits@npm:^2.0.0, inherits@npm:^2.0.1, inherits@npm:~2.0.1":
  version: 2.0.4
  resolution: "inherits@npm:2.0.4"
  checksum: 4a48a733847879d6cf6691860a6b1e3f0f4754176e4d71494c41f3475553768b10f84b5ce1d40fbd0e34e6bfbb864ee35858ad4dd2cf31e02fc4a154b724d7f1
  languageName: node
  linkType: hard

"ipaddr.js@npm:1.9.1":
  version: 1.9.1
  resolution: "ipaddr.js@npm:1.9.1"
  checksum: f88d3825981486f5a1942414c8d77dd6674dd71c065adcfa46f578d677edcb99fda25af42675cb59db492fdf427b34a5abfcde3982da11a8fd83a500b41cfe77
  languageName: node
  linkType: hard

"isarray@npm:0.0.1, isarray@npm:~0.0.1":
  version: 0.0.1
  resolution: "isarray@npm:0.0.1"
  checksum: 49191f1425681df4a18c2f0f93db3adb85573bcdd6a4482539d98eac9e705d8961317b01175627e860516a2fc45f8f9302db26e5a380a97a520e272e2a40a8d4
  languageName: node
  linkType: hard

"isexe@npm:^2.0.0":
  version: 2.0.0
  resolution: "isexe@npm:2.0.0"
  checksum: 26bf6c5480dda5161c820c5b5c751ae1e766c587b1f951ea3fcfc973bafb7831ae5b54a31a69bd670220e42e99ec154475025a468eae58ea262f813fdc8d1c62
  languageName: node
  linkType: hard

"js13k2023@workspace:.":
  version: 0.0.0-use.local
  resolution: "js13k2023@workspace:."
  dependencies:
    cross-env: ^7.0.3
    esbuild: ^0.19.0
    esbuild-plugin-spglsl: ^0.0.3
    express: ^4.17.1
    html-inline: ^1.2.0
    html-minifier-terser: ^7.2.0
    path: ^0.12.7
    roadroller: ^2.1.0
    spglsl: ^0.2.6
    terser: ^5.14.2
    typescript: ^4.7.4
    uglify-js: ^3.17.4
  languageName: unknown
  linkType: soft

"lower-case@npm:^2.0.2":
  version: 2.0.2
  resolution: "lower-case@npm:2.0.2"
  dependencies:
    tslib: ^2.0.3
  checksum: 83a0a5f159ad7614bee8bf976b96275f3954335a84fad2696927f609ddae902802c4f3312d86668722e668bef41400254807e1d3a7f2e8c3eede79691aa1f010
  languageName: node
  linkType: hard

"media-typer@npm:0.3.0":
  version: 0.3.0
  resolution: "media-typer@npm:0.3.0"
  checksum: af1b38516c28ec95d6b0826f6c8f276c58aec391f76be42aa07646b4e39d317723e869700933ca6995b056db4b09a78c92d5440dc23657e6764be5d28874bba1
  languageName: node
  linkType: hard

"merge-descriptors@npm:1.0.1":
  version: 1.0.1
  resolution: "merge-descriptors@npm:1.0.1"
  checksum: 5abc259d2ae25bb06d19ce2b94a21632583c74e2a9109ee1ba7fd147aa7362b380d971e0251069f8b3eb7d48c21ac839e21fa177b335e82c76ec172e30c31a26
  languageName: node
  linkType: hard

"methods@npm:~1.1.2":
  version: 1.1.2
  resolution: "methods@npm:1.1.2"
  checksum: 0917ff4041fa8e2f2fda5425a955fe16ca411591fbd123c0d722fcf02b73971ed6f764d85f0a6f547ce49ee0221ce2c19a5fa692157931cecb422984f1dcd13a
  languageName: node
  linkType: hard

"mime-db@npm:1.52.0":
  version: 1.52.0
  resolution: "mime-db@npm:1.52.0"
  checksum: 0d99a03585f8b39d68182803b12ac601d9c01abfa28ec56204fa330bc9f3d1c5e14beb049bafadb3dbdf646dfb94b87e24d4ec7b31b7279ef906a8ea9b6a513f
  languageName: node
  linkType: hard

"mime-types@npm:~2.1.24, mime-types@npm:~2.1.34":
  version: 2.1.35
  resolution: "mime-types@npm:2.1.35"
  dependencies:
    mime-db: 1.52.0
  checksum: 89a5b7f1def9f3af5dad6496c5ed50191ae4331cc5389d7c521c8ad28d5fdad2d06fd81baf38fed813dc4e46bb55c8145bb0ff406330818c9cf712fb2e9b3836
  languageName: node
  linkType: hard

"mime@npm:1.6.0":
  version: 1.6.0
  resolution: "mime@npm:1.6.0"
  bin:
    mime: cli.js
  checksum: fef25e39263e6d207580bdc629f8872a3f9772c923c7f8c7e793175cee22777bbe8bba95e5d509a40aaa292d8974514ce634ae35769faa45f22d17edda5e8557
  languageName: node
  linkType: hard

"minimist@npm:~0.0.8":
  version: 0.0.10
  resolution: "minimist@npm:0.0.10"
  checksum: f7b2cb17af165d042bb3d2803f5e6c38d137f0c36a62230fdb643058c25b56749d2c335b17d4de0b0f08f19cb868cac40df207ff7a4c59fd0771e8762e9b783c
  languageName: node
  linkType: hard

"minimist@npm:~1.1.0":
  version: 1.1.3
  resolution: "minimist@npm:1.1.3"
  checksum: 78546d2b50c8060377f18e36520d6b101d4f1375b0ed256f3158bf9a39103046d9ff8b8a2843ec17b6c2764c3d15aec5d8a0dc509ac6746f7e40624d23c003b7
  languageName: node
  linkType: hard

"ms@npm:2.0.0":
  version: 2.0.0
  resolution: "ms@npm:2.0.0"
  checksum: 0e6a22b8b746d2e0b65a430519934fefd41b6db0682e3477c10f60c76e947c4c0ad06f63ffdf1d78d335f83edee8c0aa928aa66a36c7cd95b69b26f468d527f4
  languageName: node
  linkType: hard

"ms@npm:2.1.3":
  version: 2.1.3
  resolution: "ms@npm:2.1.3"
  checksum: aa92de608021b242401676e35cfa5aa42dd70cbdc082b916da7fb925c542173e36bce97ea3e804923fe92c0ad991434e4a38327e15a1b5b5f945d66df615ae6d
  languageName: node
  linkType: hard

"negotiator@npm:0.6.3":
  version: 0.6.3
  resolution: "negotiator@npm:0.6.3"
  checksum: b8ffeb1e262eff7968fc90a2b6767b04cfd9842582a9d0ece0af7049537266e7b2506dfb1d107a32f06dd849ab2aea834d5830f7f4d0e5cb7d36e1ae55d021d9
  languageName: node
  linkType: hard

"no-case@npm:^3.0.4":
  version: 3.0.4
  resolution: "no-case@npm:3.0.4"
  dependencies:
    lower-case: ^2.0.2
    tslib: ^2.0.3
  checksum: 0b2ebc113dfcf737d48dde49cfebf3ad2d82a8c3188e7100c6f375e30eafbef9e9124aadc3becef237b042fd5eb0aad2fd78669c20972d045bbe7fea8ba0be5c
  languageName: node
  linkType: hard

"object-inspect@npm:^1.9.0":
  version: 1.12.2
  resolution: "object-inspect@npm:1.12.2"
  checksum: a534fc1b8534284ed71f25ce3a496013b7ea030f3d1b77118f6b7b1713829262be9e6243acbcb3ef8c626e2b64186112cb7f6db74e37b2789b9c789ca23048b2
  languageName: node
  linkType: hard

"object-keys@npm:~0.4.0":
  version: 0.4.0
  resolution: "object-keys@npm:0.4.0"
  checksum: 1be3ebe9b48c0d5eda8e4a30657d887a748cb42435e0e2eaf49faf557bdd602cd2b7558b8ce90a4eb2b8592d16b875a1900bce859cbb0f35b21c67e11a45313c
  languageName: node
  linkType: hard

"on-finished@npm:2.4.1":
  version: 2.4.1
  resolution: "on-finished@npm:2.4.1"
  dependencies:
    ee-first: 1.1.1
  checksum: d20929a25e7f0bb62f937a425b5edeb4e4cde0540d77ba146ec9357f00b0d497cdb3b9b05b9c8e46222407d1548d08166bff69cc56dfa55ba0e4469228920ff0
  languageName: node
  linkType: hard

"param-case@npm:^3.0.4":
  version: 3.0.4
  resolution: "param-case@npm:3.0.4"
  dependencies:
    dot-case: ^3.0.4
    tslib: ^2.0.3
  checksum: b34227fd0f794e078776eb3aa6247442056cb47761e9cd2c4c881c86d84c64205f6a56ef0d70b41ee7d77da02c3f4ed2f88e3896a8fefe08bdfb4deca037c687
  languageName: node
  linkType: hard

"parseurl@npm:~1.3.3":
  version: 1.3.3
  resolution: "parseurl@npm:1.3.3"
  checksum: 407cee8e0a3a4c5cd472559bca8b6a45b82c124e9a4703302326e9ab60fc1081442ada4e02628efef1eb16197ddc7f8822f5a91fd7d7c86b51f530aedb17dfa2
  languageName: node
  linkType: hard

"pascal-case@npm:^3.1.2":
  version: 3.1.2
  resolution: "pascal-case@npm:3.1.2"
  dependencies:
    no-case: ^3.0.4
    tslib: ^2.0.3
  checksum: ba98bfd595fc91ef3d30f4243b1aee2f6ec41c53b4546bfa3039487c367abaa182471dcfc830a1f9e1a0df00c14a370514fa2b3a1aacc68b15a460c31116873e
  languageName: node
  linkType: hard

"path-key@npm:^3.1.0":
  version: 3.1.1
  resolution: "path-key@npm:3.1.1"
  checksum: 55cd7a9dd4b343412a8386a743f9c746ef196e57c823d90ca3ab917f90ab9f13dd0ded27252ba49dbdfcab2b091d998bc446f6220cd3cea65db407502a740020
  languageName: node
  linkType: hard

"path-to-regexp@npm:0.1.7":
  version: 0.1.7
  resolution: "path-to-regexp@npm:0.1.7"
  checksum: 69a14ea24db543e8b0f4353305c5eac6907917031340e5a8b37df688e52accd09e3cebfe1660b70d76b6bd89152f52183f28c74813dbf454ba1a01c82a38abce
  languageName: node
  linkType: hard

"path@npm:^0.12.7":
  version: 0.12.7
  resolution: "path@npm:0.12.7"
  dependencies:
    process: ^0.11.1
    util: ^0.10.3
  checksum: 5dedb71e78fc008fcba797defc0b4e1cf06c1f18e0a631e03ba5bb505136f587ff017afc14f9a3d481cbe77aeedff7dc0c1d2ce4d820c1ebf3c4281ca49423a1
  languageName: node
  linkType: hard

"process@npm:^0.11.1":
  version: 0.11.10
  resolution: "process@npm:0.11.10"
  checksum: bfcce49814f7d172a6e6a14d5fa3ac92cc3d0c3b9feb1279774708a719e19acd673995226351a082a9ae99978254e320ccda4240ddc474ba31a76c79491ca7c3
  languageName: node
  linkType: hard

"proxy-addr@npm:~2.0.7":
  version: 2.0.7
  resolution: "proxy-addr@npm:2.0.7"
  dependencies:
    forwarded: 0.2.0
    ipaddr.js: 1.9.1
  checksum: 29c6990ce9364648255454842f06f8c46fcd124d3e6d7c5066df44662de63cdc0bad032e9bf5a3d653ff72141cc7b6019873d685708ac8210c30458ad99f2b74
  languageName: node
  linkType: hard

"qs@npm:6.11.0":
  version: 6.11.0
  resolution: "qs@npm:6.11.0"
  dependencies:
    side-channel: ^1.0.4
  checksum: 6e1f29dd5385f7488ec74ac7b6c92f4d09a90408882d0c208414a34dd33badc1a621019d4c799a3df15ab9b1d0292f97c1dd71dc7c045e69f81a8064e5af7297
  languageName: node
  linkType: hard

"range-parser@npm:~1.2.1":
  version: 1.2.1
  resolution: "range-parser@npm:1.2.1"
  checksum: 0a268d4fea508661cf5743dfe3d5f47ce214fd6b7dec1de0da4d669dd4ef3d2144468ebe4179049eff253d9d27e719c88dae55be64f954e80135a0cada804ec9
  languageName: node
  linkType: hard

"raw-body@npm:2.5.1":
  version: 2.5.1
  resolution: "raw-body@npm:2.5.1"
  dependencies:
    bytes: 3.1.2
    http-errors: 2.0.0
    iconv-lite: 0.4.24
    unpipe: 1.0.0
  checksum: 5362adff1575d691bb3f75998803a0ffed8c64eabeaa06e54b4ada25a0cd1b2ae7f4f5ec46565d1bec337e08b5ac90c76eaa0758de6f72a633f025d754dec29e
  languageName: node
  linkType: hard

"readable-stream@npm:>=1.0.33-1 <1.1.0-0, readable-stream@npm:~1.0.17, readable-stream@npm:~1.0.27-1":
  version: 1.0.34
  resolution: "readable-stream@npm:1.0.34"
  dependencies:
    core-util-is: ~1.0.0
    inherits: ~2.0.1
    isarray: 0.0.1
    string_decoder: ~0.10.x
  checksum: 85042c537e4f067daa1448a7e257a201070bfec3dd2706abdbd8ebc7f3418eb4d3ed4b8e5af63e2544d69f88ab09c28d5da3c0b77dc76185fddd189a59863b60
  languageName: node
  linkType: hard

"readable-stream@npm:>=1.1.13-1 <1.2.0-0, readable-stream@npm:^1.0.27-1, readable-stream@npm:^1.1.13-1, readable-stream@npm:~1.1.9":
  version: 1.1.14
  resolution: "readable-stream@npm:1.1.14"
  dependencies:
    core-util-is: ~1.0.0
    inherits: ~2.0.1
    isarray: 0.0.1
    string_decoder: ~0.10.x
  checksum: 17dfeae3e909945a4a1abc5613ea92d03269ef54c49288599507fc98ff4615988a1c39a999dcf9aacba70233d9b7040bc11a5f2bfc947e262dedcc0a8b32b5a0
  languageName: node
  linkType: hard

"readable-wrap@npm:^1.0.0":
  version: 1.0.0
  resolution: "readable-wrap@npm:1.0.0"
  dependencies:
    readable-stream: ^1.1.13-1
  checksum: ff5bd36e3e6d6fb1e4fc389b934640230f01c3d4d9774e9ca377e82c1ca38a371547ae09a84ce047cc25ee07461f52b818a7c534a5c0de8a1522f7143fe1fc9c
  languageName: node
  linkType: hard

"relateurl@npm:^0.2.7":
  version: 0.2.7
  resolution: "relateurl@npm:0.2.7"
  checksum: 5891e792eae1dfc3da91c6fda76d6c3de0333a60aa5ad848982ebb6dccaa06e86385fb1235a1582c680a3d445d31be01c6bfc0804ebbcab5aaf53fa856fde6b6
  languageName: node
  linkType: hard

"roadroller@npm:^2.1.0":
  version: 2.1.0
  resolution: "roadroller@npm:2.1.0"
  dependencies:
    esm: ^3.2.25
  bin:
    roadroller: cli.mjs
  checksum: 17b58e56a46985d94c06d0b0d4c07f83eed0fef23aca3fcaabfa0eab73cd8a4515942845832f79810dd906c952d803eb3a2847d48d6dec67f4eee13e37a371ff
  languageName: node
  linkType: hard

"safe-buffer@npm:5.2.1":
  version: 5.2.1
  resolution: "safe-buffer@npm:5.2.1"
  checksum: b99c4b41fdd67a6aaf280fcd05e9ffb0813654894223afb78a31f14a19ad220bba8aba1cb14eddce1fcfb037155fe6de4e861784eb434f7d11ed58d1e70dd491
  languageName: node
  linkType: hard

"safer-buffer@npm:>= 2.1.2 < 3":
  version: 2.1.2
  resolution: "safer-buffer@npm:2.1.2"
  checksum: cab8f25ae6f1434abee8d80023d7e72b598cf1327164ddab31003c51215526801e40b66c5e65d658a0af1e9d6478cadcb4c745f4bd6751f97d8644786c0978b0
  languageName: node
  linkType: hard

"send@npm:0.18.0":
  version: 0.18.0
  resolution: "send@npm:0.18.0"
  dependencies:
    debug: 2.6.9
    depd: 2.0.0
    destroy: 1.2.0
    encodeurl: ~1.0.2
    escape-html: ~1.0.3
    etag: ~1.8.1
    fresh: 0.5.2
    http-errors: 2.0.0
    mime: 1.6.0
    ms: 2.1.3
    on-finished: 2.4.1
    range-parser: ~1.2.1
    statuses: 2.0.1
  checksum: 74fc07ebb58566b87b078ec63e5a3e41ecd987e4272ba67b7467e86c6ad51bc6b0b0154133b6d8b08a2ddda360464f71382f7ef864700f34844a76c8027817a8
  languageName: node
  linkType: hard

"serve-static@npm:1.15.0":
  version: 1.15.0
  resolution: "serve-static@npm:1.15.0"
  dependencies:
    encodeurl: ~1.0.2
    escape-html: ~1.0.3
    parseurl: ~1.3.3
    send: 0.18.0
  checksum: af57fc13be40d90a12562e98c0b7855cf6e8bd4c107fe9a45c212bf023058d54a1871b1c89511c3958f70626fff47faeb795f5d83f8cf88514dbaeb2b724464d
  languageName: node
  linkType: hard

"setprototypeof@npm:1.2.0":
  version: 1.2.0
  resolution: "setprototypeof@npm:1.2.0"
  checksum: be18cbbf70e7d8097c97f713a2e76edf84e87299b40d085c6bf8b65314e994cc15e2e317727342fa6996e38e1f52c59720b53fe621e2eb593a6847bf0356db89
  languageName: node
  linkType: hard

"shebang-command@npm:^2.0.0":
  version: 2.0.0
  resolution: "shebang-command@npm:2.0.0"
  dependencies:
    shebang-regex: ^3.0.0
  checksum: 6b52fe87271c12968f6a054e60f6bde5f0f3d2db483a1e5c3e12d657c488a15474121a1d55cd958f6df026a54374ec38a4a963988c213b7570e1d51575cea7fa
  languageName: node
  linkType: hard

"shebang-regex@npm:^3.0.0":
  version: 3.0.0
  resolution: "shebang-regex@npm:3.0.0"
  checksum: 1a2bcae50de99034fcd92ad4212d8e01eedf52c7ec7830eedcf886622804fe36884278f2be8be0ea5fde3fd1c23911643a4e0f726c8685b61871c8908af01222
  languageName: node
  linkType: hard

"side-channel@npm:^1.0.4":
  version: 1.0.4
  resolution: "side-channel@npm:1.0.4"
  dependencies:
    call-bind: ^1.0.0
    get-intrinsic: ^1.0.2
    object-inspect: ^1.9.0
  checksum: 351e41b947079c10bd0858364f32bb3a7379514c399edb64ab3dce683933483fc63fb5e4efe0a15a2e8a7e3c436b6a91736ddb8d8c6591b0460a24bb4a1ee245
  languageName: node
  linkType: hard

"source-map-support@npm:~0.5.20":
  version: 0.5.21
  resolution: "source-map-support@npm:0.5.21"
  dependencies:
    buffer-from: ^1.0.0
    source-map: ^0.6.0
  checksum: 43e98d700d79af1d36f859bdb7318e601dfc918c7ba2e98456118ebc4c4872b327773e5a1df09b0524e9e5063bb18f0934538eace60cca2710d1fa687645d137
  languageName: node
  linkType: hard

"source-map@npm:^0.6.0, source-map@npm:~0.6.0":
  version: 0.6.1
  resolution: "source-map@npm:0.6.1"
  checksum: 59ce8640cf3f3124f64ac289012c2b8bd377c238e316fb323ea22fbfe83da07d81e000071d7242cad7a23cd91c7de98e4df8830ec3f133cb6133a5f6e9f67bc2
  languageName: node
  linkType: hard

"spglsl@npm:^0.2.6":
  version: 0.2.6
  resolution: "spglsl@npm:0.2.6"
  dependencies:
    chalk: ^4.1.2
  checksum: a5ee482d3768ea386d01be03ffe90080c374129e73271aa3600cdd177999804fb6272beb972258eefa5982490cd51ca2a5fe8992b6de2bbb21264326309f90d4
  languageName: node
  linkType: hard

"split@npm:~0.3.0":
  version: 0.3.3
  resolution: "split@npm:0.3.3"
  dependencies:
    through: 2
  checksum: 2e076634c9637cfdc54ab4387b6a243b8c33b360874a25adf6f327a5647f07cb3bf1c755d515248eb3afee4e382278d01f62c62d87263c118f28065b86f74f02
  languageName: node
  linkType: hard

"statuses@npm:2.0.1":
  version: 2.0.1
  resolution: "statuses@npm:2.0.1"
  checksum: 18c7623fdb8f646fb213ca4051be4df7efb3484d4ab662937ca6fbef7ced9b9e12842709872eb3020cc3504b93bde88935c9f6417489627a7786f24f8031cbcb
  languageName: node
  linkType: hard

"stream-splicer@npm:^1.2.0":
  version: 1.3.2
  resolution: "stream-splicer@npm:1.3.2"
  dependencies:
    indexof: 0.0.1
    inherits: ^2.0.1
    isarray: ~0.0.1
    readable-stream: ^1.1.13-1
    readable-wrap: ^1.0.0
    through2: ^1.0.0
  checksum: 0b10551cdce0d006313e1552f996425e05addf42c7acd6db89a5ff48b133e204969a78600c922210e7093fea4604f40b5bc8c7ffc22d93c48b8f54cf795e5d33
  languageName: node
  linkType: hard

"string_decoder@npm:~0.10.x":
  version: 0.10.31
  resolution: "string_decoder@npm:0.10.31"
  checksum: fe00f8e303647e5db919948ccb5ce0da7dea209ab54702894dd0c664edd98e5d4df4b80d6fabf7b9e92b237359d21136c95bf068b2f7760b772ca974ba970202
  languageName: node
  linkType: hard

"supports-color@npm:^7.1.0":
  version: 7.2.0
  resolution: "supports-color@npm:7.2.0"
  dependencies:
    has-flag: ^4.0.0
  checksum: 3dda818de06ebbe5b9653e07842d9479f3555ebc77e9a0280caf5a14fb877ffee9ed57007c3b78f5a6324b8dbeec648d9e97a24e2ed9fdb81ddc69ea07100f4a
  languageName: node
  linkType: hard

"terser@npm:^5.14.2":
  version: 5.15.1
  resolution: "terser@npm:5.15.1"
  dependencies:
    "@jridgewell/source-map": ^0.3.2
    acorn: ^8.5.0
    commander: ^2.20.0
    source-map-support: ~0.5.20
  bin:
    terser: bin/terser
  checksum: 9880a1e0956983a1ce5de204ea35121c0009fa41d582a6904ae850e1953a1a2cc021168439565280c5a8eee67c85a874175627e24989b046c7a72589b81c3979
  languageName: node
  linkType: hard

"terser@npm:^5.15.1":
  version: 5.18.2
  resolution: "terser@npm:5.18.2"
  dependencies:
    "@jridgewell/source-map": ^0.3.3
    acorn: ^8.8.2
    commander: ^2.20.0
    source-map-support: ~0.5.20
  bin:
    terser: bin/terser
  checksum: 50988412533bfd5a07294df002d772ad5b1277a9d1164dd19c8876a2094ced7b78fcf36cb32122a9a5238ba2597d77178a2385dfc6c4d506622309493f613cf4
  languageName: node
  linkType: hard

"through2@npm:^1.0.0":
  version: 1.1.1
  resolution: "through2@npm:1.1.1"
  dependencies:
    readable-stream: ">=1.1.13-1 <1.2.0-0"
    xtend: ">=4.0.0 <4.1.0-0"
  checksum: f4430720c2be23c71437639e50de5e173693a86e220ab8c1041d27282802bb358479c50f223212125c2df6451c75d4e6548d03663f49fa1f1dc2ba176fd0b313
  languageName: node
  linkType: hard

"through2@npm:~0.4.1":
  version: 0.4.2
  resolution: "through2@npm:0.4.2"
  dependencies:
    readable-stream: ~1.0.17
    xtend: ~2.1.1
  checksum: 50e41d272db4a74b10a62b7e92eeeb8d30e426a7a8a772cd85fac0f8e21d92c6e5cb5012d7db5f7a20f6e147e1f14f87062058c77b05bc9d463ae4d8b3eb1e42
  languageName: node
  linkType: hard

"through2@npm:~0.6.3":
  version: 0.6.5
  resolution: "through2@npm:0.6.5"
  dependencies:
    readable-stream: ">=1.0.33-1 <1.1.0-0"
    xtend: ">=4.0.0 <4.1.0-0"
  checksum: dfea228e3134a33219a588448847250897a9994a687807dab52f850fac8b4eb1dc18e3b2c1d3d60dd0d78eb492d2032fdf814ac6576ba5b8d5ba0dade29a3544
  languageName: node
  linkType: hard

"through@npm:2, through@npm:X.X.X":
  version: 2.3.8
  resolution: "through@npm:2.3.8"
  checksum: a38c3e059853c494af95d50c072b83f8b676a9ba2818dcc5b108ef252230735c54e0185437618596c790bbba8fcdaef5b290405981ffa09dce67b1f1bf190cbd
  languageName: node
  linkType: hard

"toidentifier@npm:1.0.1":
  version: 1.0.1
  resolution: "toidentifier@npm:1.0.1"
  checksum: 952c29e2a85d7123239b5cfdd889a0dde47ab0497f0913d70588f19c53f7e0b5327c95f4651e413c74b785147f9637b17410ac8c846d5d4a20a5a33eb6dc3a45
  languageName: node
  linkType: hard

"trumpet@npm:~1.7.0":
  version: 1.7.2
  resolution: "trumpet@npm:1.7.2"
  dependencies:
    duplexer2: ~0.0.2
    html-select: ^2.3.5
    html-tokenize: ^1.1.1
    inherits: ^2.0.0
    readable-stream: ^1.0.27-1
    through2: ^1.0.0
  checksum: 791f9960b9bd1bc4747c3cb7df610f6a555b040ab972b593622e54513490f977f9dd75296a21779dc113d676dd7031beed486e95a64db68ef9f932a7268cb3ef
  languageName: node
  linkType: hard

"tslib@npm:^2.0.3":
  version: 2.6.0
  resolution: "tslib@npm:2.6.0"
  checksum: c01066038f950016a18106ddeca4649b4d76caa76ec5a31e2a26e10586a59fceb4ee45e96719bf6c715648e7c14085a81fee5c62f7e9ebee68e77a5396e5538f
  languageName: node
  linkType: hard

"type-is@npm:~1.6.18":
  version: 1.6.18
  resolution: "type-is@npm:1.6.18"
  dependencies:
    media-typer: 0.3.0
    mime-types: ~2.1.24
  checksum: 2c8e47675d55f8b4e404bcf529abdf5036c537a04c2b20177bcf78c9e3c1da69da3942b1346e6edb09e823228c0ee656ef0e033765ec39a70d496ef601a0c657
  languageName: node
  linkType: hard

"typescript@npm:^4.7.4":
  version: 4.9.3
  resolution: "typescript@npm:4.9.3"
  bin:
    tsc: bin/tsc
    tsserver: bin/tsserver
  checksum: 17b8f816050b412403e38d48eef0e893deb6be522d6dc7caf105e54a72e34daf6835c447735fd2b28b66784e72bfbf87f627abb4818a8e43d1fa8106396128dc
  languageName: node
  linkType: hard

"typescript@patch:typescript@^4.7.4#~builtin<compat/typescript>":
  version: 4.9.3
  resolution: "typescript@patch:typescript@npm%3A4.9.3#~builtin<compat/typescript>::version=4.9.3&hash=d73830"
  bin:
    tsc: bin/tsc
    tsserver: bin/tsserver
  checksum: 67ca21a387c0572f1c04936e638dde7782c5aa520c3754aadc7cc9b7c915da9ebc3e27c601bfff4ccb7d7264e82dce6d277ada82ec09dc75024349e0ef64926d
  languageName: node
  linkType: hard

"uglify-js@npm:^3.17.4":
  version: 3.17.4
  resolution: "uglify-js@npm:3.17.4"
  bin:
    uglifyjs: bin/uglifyjs
  checksum: 7b3897df38b6fc7d7d9f4dcd658599d81aa2b1fb0d074829dd4e5290f7318dbca1f4af2f45acb833b95b1fe0ed4698662ab61b87e94328eb4c0a0d3435baf924
  languageName: node
  linkType: hard

"unpipe@npm:1.0.0, unpipe@npm:~1.0.0":
  version: 1.0.0
  resolution: "unpipe@npm:1.0.0"
  checksum: 4fa18d8d8d977c55cb09715385c203197105e10a6d220087ec819f50cb68870f02942244f1017565484237f1f8c5d3cd413631b1ae104d3096f24fdfde1b4aa2
  languageName: node
  linkType: hard

"util@npm:^0.10.3":
  version: 0.10.4
  resolution: "util@npm:0.10.4"
  dependencies:
    inherits: 2.0.3
  checksum: 913f9a90d05a60e91f91af01b8bd37e06bca4cc02d7b49e01089f9d5b78be2fffd61fb1a41b517de7238c5fc7337fa939c62d1fb4eb82e014894c7bee6637aaf
  languageName: node
  linkType: hard

"utils-merge@npm:1.0.1":
  version: 1.0.1
  resolution: "utils-merge@npm:1.0.1"
  checksum: c81095493225ecfc28add49c106ca4f09cdf56bc66731aa8dabc2edbbccb1e1bfe2de6a115e5c6a380d3ea166d1636410b62ef216bb07b3feb1cfde1d95d5080
  languageName: node
  linkType: hard

"vary@npm:~1.1.2":
  version: 1.1.2
  resolution: "vary@npm:1.1.2"
  checksum: ae0123222c6df65b437669d63dfa8c36cee20a504101b2fcd97b8bf76f91259c17f9f2b4d70a1e3c6bbcee7f51b28392833adb6b2770b23b01abec84e369660b
  languageName: node
  linkType: hard

"which@npm:^2.0.1":
  version: 2.0.2
  resolution: "which@npm:2.0.2"
  dependencies:
    isexe: ^2.0.0
  bin:
    node-which: ./bin/node-which
  checksum: 1a5c563d3c1b52d5f893c8b61afe11abc3bab4afac492e8da5bde69d550de701cf9806235f20a47b5c8fa8a1d6a9135841de2596535e998027a54589000e66d1
  languageName: node
  linkType: hard

"xtend@npm:>=4.0.0 <4.1.0-0":
  version: 4.0.2
  resolution: "xtend@npm:4.0.2"
  checksum: ac5dfa738b21f6e7f0dd6e65e1b3155036d68104e67e5d5d1bde74892e327d7e5636a076f625599dc394330a731861e87343ff184b0047fef1360a7ec0a5a36a
  languageName: node
  linkType: hard

"xtend@npm:~2.1.1":
  version: 2.1.2
  resolution: "xtend@npm:2.1.2"
  dependencies:
    object-keys: ~0.4.0
  checksum: a8b79f31502c163205984eaa2b196051cd2fab0882b49758e30f2f9018255bc6c462e32a090bf3385d1bda04755ad8cc0052a09e049b0038f49eb9b950d9c447
  languageName: node
  linkType: hard
